
Microsoft Visual Studio Solution File, Format Version 12.00
# Blend for Visual Studio Version 16
VisualStudioVersion = 16.0.30804.86
MinimumVisualStudioVersion = 10.0.40219.1
Project("{F184B08F-C81C-45F6-A57F-5ABD9991F28F}") = "10Gadgets", "10Gadgets.vbproj", "{882CC492-D65B-4C94-AC6B-929562AEFBEC}"
EndProject
Global
	GlobalSection(SolutionConfigurationPlatforms) = preSolution
		Debug|Any CPU = Debug|Any CPU
		Release|Any CPU = Release|Any CPU
	EndGlobalSection
	GlobalSection(ProjectConfigurationPlatforms) = postSolution
		{882CC492-D65B-4C94-AC6B-929562AEFBEC}.Debug|Any CPU.ActiveCfg = Debug|Any CPU
		{882CC492-D65B-4C94-AC6B-929562AEFBEC}.Debug|Any CPU.Build.0 = Debug|Any CPU
		{882CC492-D65B-4C94-AC6B-929562AEFBEC}.Release|Any CPU.ActiveCfg = Release|Any CPU
		{882CC492-D65B-4C94-AC6B-929562AEFBEC}.Release|Any CPU.Build.0 = Release|Any CPU
	EndGlobalSection
	GlobalSection(SolutionProperties) = preSolution
		HideSolutionNode = FALSE
	EndGlobalSection
	GlobalSection(ExtensibilityGlobals) = postSolution
		SolutionGuid = {FE045753-8396-40FB-8F71-77FC530BA661}
	EndGlobalSection
EndGlobal
